{
  "name": "ad-catalog-scraper",
  "version": "1.0.0",
  "lockfileVersion": 3,
  "requires": true,
  "packages": {
    "": {
      "name": "ad-catalog-scraper",
      "version": "1.0.0",
      "dependencies": {
        "@duckduckgo/autoconsent": "^14.56.0",
        "@ghostery/adblocker-playwright": "^2.14.1",
        "cross-fetch": "^4.1.0",
        "playwright": "^1.40.0"
      }
    },
    "node_modules/@duckduckgo/autoconsent": {
      "version": "14.56.0",
      "resolved": "https://registry.npmjs.org/@duckduckgo/autoconsent/-/autoconsent-14.56.0.tgz",
      "integrity": "sha512-0gImNtILoEb4LtQkCXJ7pjwqV3lY4IG7sm9y+cbB218MqKKoMJ/zht9UEI0bJ2J2IZZ0GEcLQE9TsQ3AISFZ5Q==",
      "license": "MPL-2.0",
      "dependencies": {
        "@ghostery/adblocker": "^2.0.4",
        "@ghostery/adblocker-content": "^2.0.4",
        "tldts-experimental": "^7.0.4"
      }
    },
    "node_modules/@ghostery/adblocker": {
      "version": "2.14.1",
      "resolved": "https://registry.npmjs.org/@ghostery/adblocker/-/adblocker-2.14.1.tgz",
      "integrity": "sha512-/cQTMJRd4/7zpgFHWqe+9wqiRPGTy+BhqfkxplvejPgq8d6spBjC6bSJV61rVHJZw5F4KOO5ReKOvuguaKG28A==",
      "license": "MPL-2.0",
      "dependencies": {
        "@ghostery/adblocker-content": "^2.14.1",
        "@ghostery/adblocker-extended-selectors": "^2.14.1",
        "@ghostery/url-parser": "^1.3.1",
        "@remusao/guess-url-type": "^2.1.0",
        "@remusao/small": "^2.1.0",
        "@remusao/smaz": "^2.2.0",
        "tldts-experimental": "^7.0.23"
      }
    },
    "node_modules/@ghostery/adblocker-content": {
      "version": "2.14.1",
      "resolved": "https://registry.npmjs.org/@ghostery/adblocker-content/-/adblocker-content-2.14.1.tgz",
      "integrity": "sha512-hDE6RAL9xgQonJQiK1knOHy527PEwlAuvKaha4snE0XO6Vmtk0HThce1M2JFVRxGayWR3nTxoWbvEfGWXU7O/A==",
      "license": "MPL-2.0",
      "dependencies": {
        "@ghostery/adblocker-extended-selectors": "^2.14.1"
      }
    },
    "node_modules/@ghostery/adblocker-extended-selectors": {
      "version": "2.14.1",
      "resolved": "https://registry.npmjs.org/@ghostery/adblocker-extended-selectors/-/adblocker-extended-selectors-2.14.1.tgz",
      "integrity": "sha512-3RARO2ukDrfwDqVEMD+HKZIwsM9QjjII+U1zqxhLXZ0dZRHjbtUHlZCsokqfjZ1JAa3ZVKcZrF0nZv5SA2LgyA==",
      "license": "MPL-2.0"
    },
    "node_modules/@ghostery/adblocker-playwright": {
      "version": "2.14.1",
      "resolved": "https://registry.npmjs.org/@ghostery/adblocker-playwright/-/adblocker-playwright-2.14.1.tgz",
      "integrity": "sha512-ODNTIVuhBslpehelujprYv4X2Iu0yXKTGk5TEy1aii5m4M0D884KU2htrcOg5GexQ0xoSf4guldsM899f1uEJA==",
      "license": "MPL-2.0",
      "dependencies": {
        "@ghostery/adblocker": "^2.14.1",
        "@ghostery/adblocker-content": "^2.14.1",
        "tldts-experimental": "^7.0.23"
      },
      "peerDependencies": {
        "playwright": "^1.x"
      }
    },
    "node_modules/@ghostery/url-parser": {
      "version": "1.3.1",
      "resolved": "https://registry.npmjs.org/@ghostery/url-parser/-/url-parser-1.3.1.tgz",
      "integrity": "sha512-QKqGi+7aDQ4RcyHyCwgEk6B9vWnsBP4Q7htaN0zPJV3ATqTKEQDtSTb9c/AN586oJUDs24YXKcwFYwNweY/YjQ==",
      "license": "MPL-2.0",
      "dependencies": {
        "tldts-experimental": "^7.0.8"
      }
    },
    "node_modules/@remusao/guess-url-type": {
      "version": "2.1.0",
      "resolved": "https://registry.npmjs.org/@remusao/guess-url-type/-/guess-url-type-2.1.0.tgz",
      "integrity": "sha512-zI3dlTUxpjvx2GCxp9nLOSK5yEIqDCpxlAVGwb2Y49RKkS72oeNaxxo+VWS5+XQ5+Mf8Zfp9ZXIlk+G5eoEN8A==",
      "license": "MPL-2.0"
    },
    "node_modules/@remusao/small": {
      "version": "2.1.0",
      "resolved": "https://registry.npmjs.org/@remusao/small/-/small-2.1.0.tgz",
      "integrity": "sha512-Y1kyjZp7JU7dXdyOdxHVNfoTr1XLZJTyQP36/esZUU/WRWq9XY0PV2HsE3CsIHuaTf4pvgWv2pvzvnZ//UHIJQ==",
      "license": "MPL-2.0"
    },
    "node_modules/@remusao/smaz": {
      "version": "2.2.0",
      "resolved": "https://registry.npmjs.org/@remusao/smaz/-/smaz-2.2.0.tgz",
      "integrity": "sha512-eSd3Qs0ELP/e7tU1SI5RWXcCn9KjDgvBY+KtWbL4i2QvvHhJOfdIt4v0AA3S5BbLWAr5dCEC7C4LUfogDm6q/Q==",
      "license": "MPL-2.0",
      "dependencies": {
        "@remusao/smaz-compress": "^2.2.0",
        "@remusao/smaz-decompress": "^2.2.0"
      }
    },
    "node_modules/@remusao/smaz-compress": {
      "version": "2.2.0",
      "resolved": "https://registry.npmjs.org/@remusao/smaz-compress/-/smaz-compress-2.2.0.tgz",
      "integrity": "sha512-TXpTPgILRUYOt2rEe0+9PC12xULPvBqeMpmipzB9A7oM4fa9Ztvy9lLYzPTd7tiQEeoNa1pmxihpKfJtsxnM/w==",
      "license": "MPL-2.0",
      "dependencies": {
        "@remusao/trie": "^2.1.0"
      }
    },
    "node_modules/@remusao/smaz-decompress": {
      "version": "2.2.0",
      "resolved": "https://registry.npmjs.org/@remusao/smaz-decompress/-/smaz-decompress-2.2.0.tgz",
      "integrity": "sha512-ERAPwxPaA0/yg4hkNU7T2S+lnp9jj1sApcQMtOyROvOQyo+Zuh6Hn/oRcXr8mmjlYzyRaC7E6r3mT1nrdHR6pg==",
      "license": "MPL-2.0"
    },
    "node_modules/@remusao/trie": {
      "version": "2.1.0",
      "resolved": "https://registry.npmjs.org/@remusao/trie/-/trie-2.1.0.tgz",
      "integrity": "sha512-Er3Q8q0/2OcCJPQYJOPLmCuqO0wu7cav3SPtpjlxSbjFi1x+A1pZkkLD6c9q2rGEkGW/tkrRzfrhNMt8VQjzXg==",
      "license": "MPL-2.0"
    },
    "node_modules/cross-fetch": {
      "version": "4.1.0",
      "resolved": "https://registry.npmjs.org/cross-fetch/-/cross-fetch-4.1.0.tgz",
      "integrity": "sha512-uKm5PU+MHTootlWEY+mZ4vvXoCn4fLQxT9dSc1sXVMSFkINTJVN8cAQROpwcKm8bJ/c7rgZVIBWzH5T78sNZZw==",
      "license": "MIT",
      "dependencies": {
        "node-fetch": "^2.7.0"
      }
    },
    "node_modules/fsevents": {
      "version": "2.3.2",
      "resolved": "https://registry.npmjs.org/fsevents/-/fsevents-2.3.2.tgz",
      "integrity": "sha512-xiqMQR4xAeHTuB9uWm+fFRcIOgKBMiOBP+eXiyT7jsgVCq1bkVygt00oASowB7EdtpOHaaPgKt812P9ab+DDKA==",
      "hasInstallScript": true,
      "license": "MIT",
      "optional": true,
      "os": [
        "darwin"
      ],
      "engines": {
        "node": "^8.16.0 || ^10.6.0 || >=11.0.0"
      }
    },
    "node_modules/node-fetch": {
      "version": "2.7.0",
      "resolved": "https://registry.npmjs.org/node-fetch/-/node-fetch-2.7.0.tgz",
      "integrity": "sha512-c4FRfUm/dbcWZ7U+1Wq0AwCyFL+3nt2bEw05wfxSz+DWpWsitgmSgYmy2dQdWyKC1694ELPqMs/YzUSNozLt8A==",
      "license": "MIT",
      "dependencies": {
        "whatwg-url": "^5.0.0"
      },
      "engines": {
        "node": "4.x || >=6.0.0"
      },
      "peerDependencies": {
        "encoding": "^0.1.0"
      },
      "peerDependenciesMeta": {
        "encoding": {
          "optional": true
        }
      }
    },
    "node_modules/playwright": {
      "version": "1.58.2",
      "resolved": "https://registry.npmjs.org/playwright/-/playwright-1.58.2.tgz",
      "integrity": "sha512-vA30H8Nvkq/cPBnNw4Q8TWz1EJyqgpuinBcHET0YVJVFldr8JDNiU9LaWAE1KqSkRYazuaBhTpB5ZzShOezQ6A==",
      "license": "Apache-2.0",
      "dependencies": {
        "playwright-core": "1.58.2"
      },
      "bin": {
        "playwright": "cli.js"
      },
      "engines": {
        "node": ">=18"
      },
      "optionalDependencies": {
        "fsevents": "2.3.2"
      }
    },
    "node_modules/playwright-core": {
      "version": "1.58.2",
      "resolved": "https://registry.npmjs.org/playwright-core/-/playwright-core-1.58.2.tgz",
      "integrity": "sha512-yZkEtftgwS8CsfYo7nm0KE8jsvm6i/PTgVtB8DL726wNf6H2IMsDuxCpJj59KDaxCtSnrWan2AeDqM7JBaultg==",
      "license": "Apache-2.0",
      "bin": {
        "playwright-core": "cli.js"
      },
      "engines": {
        "node": ">=18"
      }
    },
    "node_modules/tldts-core": {
      "version": "7.0.24",
      "resolved": "https://registry.npmjs.org/tldts-core/-/tldts-core-7.0.24.tgz",
      "integrity": "sha512-pj7yygNMoMRqG7ML2SDQ0xNIOfN3IBDUcPVM2Sg6hP96oFNN2nqnzHreT3z9xLq85IWJyNTvD38O002DdOrPMw==",
      "license": "MIT"
    },
    "node_modules/tldts-experimental": {
      "version": "7.0.24",
      "resolved": "https://registry.npmjs.org/tldts-experimental/-/tldts-experimental-7.0.24.tgz",
      "integrity": "sha512-olfx1b3BeWaOVAtrEhsvxdl0hbQE0+16mnV7CEi6z3qmrv2271F45OZvld1mXJ0Xoaw8TstkF7HRvGwVjIQqjw==",
      "license": "MIT",
      "dependencies": {
        "tldts-core": "^7.0.24"
      }
    },
    "node_modules/tr46": {
      "version": "0.0.3",
      "resolved": "https://registry.npmjs.org/tr46/-/tr46-0.0.3.tgz",
      "integrity": "sha512-N3WMsuqV66lT30CrXNbEjx4GEwlow3v6rr4mCcv6prnfwhS01rkgyFdjPNBYd9br7LpXV1+Emh01fHnq2Gdgrw==",
      "license": "MIT"
    },
    "node_modules/webidl-conversions": {
      "version": "3.0.1",
      "resolved": "https://registry.npmjs.org/webidl-conversions/-/webidl-conversions-3.0.1.tgz",
      "integrity": "sha512-2JAn3z8AR6rjK8Sm8orRC0h/bcl/DqL7tRPdGZ4I1CjdF+EaMLmYxBHyXuKL849eucPFhvBoxMsflfOb8kxaeQ==",
      "license": "BSD-2-Clause"
    },
    "node_modules/whatwg-url": {
      "version": "5.0.0",
      "resolved": "https://registry.npmjs.org/whatwg-url/-/whatwg-url-5.0.0.tgz",
      "integrity": "sha512-saE57nupxk6v3HY35+jzBwYa0rKSy0XR8JSxZPwgLr7ys0IBzhGviA1/TUGJLmSVqs8pb9AnvICXEuOHLprYTw==",
      "license": "MIT",
      "dependencies": {
        "tr46": "~0.0.3",
        "webidl-conversions": "^3.0.0"
      }
    }
  }
}
